// !$*UTF8*$!
{
	archiveVersion = 1;
	classes = {
	};
	objectVersion = 56;
	objects = {

/* Begin PBXBuildFile section */
		A714E6732AC5CE86006C139D /* samsung_pingerApp.swift in Sources */ = {isa = PBXBuildFile; fileRef = A714E6722AC5CE86006C139D /* samsung_pingerApp.swift */; };
		A714E6752AC5CE86006C139D /* ContentView.swift in Sources */ = {isa = PBXBuildFile; fileRef = A714E6742AC5CE86006C139D /* ContentView.swift */; };
		A714E6772AC5CE87006C139D /* Assets.xcassets in Resources */ = {isa = PBXBuildFile; fileRef = A714E6762AC5CE87006C139D /* Assets.xcassets */; };
		A714E67A2AC5CE87006C139D /* Preview Assets.xcassets in Resources */ = {isa = PBXBuildFile; fileRef = A714E6792AC5CE87006C139D /* Preview Assets.xcassets */; };
		A714E6882AC5CF7D006C139D /* WidgetKit.framework in Frameworks */ = {isa = PBXBuildFile; fileRef = A714E6872AC5CF7D006C139D /* WidgetKit.framework */; };
		A714E68A2AC5CF7D006C139D /* SwiftUI.framework in Frameworks */ = {isa = PBXBuildFile; fileRef = A714E6892AC5CF7D006C139D /* SwiftUI.framework */; };
		A714E68D2AC5CF7D006C139D /* widget.swift in Sources */ = {isa = PBXBuildFile; fileRef = A714E68C2AC5CF7D006C139D /* widget.swift */; };
		A714E6902AC5CF7F006C139D /* Assets.xcassets in Resources */ = {isa = PBXBuildFile; fileRef = A714E68F2AC5CF7F006C139D /* Assets.xcassets */; };
		A714E6932AC5CF7F006C139D /* widget.intentdefinition in Sources */ = {isa = PBXBuildFile; fileRef = A714E68E2AC5CF7D006C139D /* widget.intentdefinition */; };
		A714E6942AC5CF7F006C139D /* widget.intentdefinition in Sources */ = {isa = PBXBuildFile; fileRef = A714E68E2AC5CF7D006C139D /* widget.intentdefinition */; };
		A714E6972AC5CF7F006C139D /* widgetExtension.appex in Embed Foundation Extensions */ = {isa = PBXBuildFile; fileRef = A714E6852AC5CF7D006C139D /* widgetExtension.appex */; settings = {ATTRIBUTES = (RemoveHeadersOnCopy, ); }; };
		A74393A62AC6C174000A5682 /* RingingView.swift in Sources */ = {isa = PBXBuildFile; fileRef = A74393A52AC6C174000A5682 /* RingingView.swift */; };
		A74393AD2AC6C487000A5682 /* samsungsharpsans-bold.otf in Resources */ = {isa = PBXBuildFile; fileRef = A74393AC2AC6C487000A5682 /* samsungsharpsans-bold.otf */; };
		A74393AE2AC6C487000A5682 /* samsungsharpsans-bold.otf in Resources */ = {isa = PBXBuildFile; fileRef = A74393AC2AC6C487000A5682 /* samsungsharpsans-bold.otf */; };
		A74393B22AC6CBAD000A5682 /* samsungsharpsans-medium.otf in Resources */ = {isa = PBXBuildFile; fileRef = A74393B12AC6CBAD000A5682 /* samsungsharpsans-medium.otf */; };
		A74393B32AC6CBAD000A5682 /* samsungsharpsans-medium.otf in Resources */ = {isa = PBXBuildFile; fileRef = A74393B12AC6CBAD000A5682 /* samsungsharpsans-medium.otf */; };
		A74393B62AC6CDD0000A5682 /* samsungsharpsans-bold.otf in CopyFiles */ = {isa = PBXBuildFile; fileRef = A74393AC2AC6C487000A5682 /* samsungsharpsans-bold.otf */; };
		A74393B72AC6CDD2000A5682 /* samsungsharpsans-medium.otf in CopyFiles */ = {isa = PBXBuildFile; fileRef = A74393B12AC6CBAD000A5682 /* samsungsharpsans-medium.otf */; };
/* End PBXBuildFile section */

/* Begin PBXContainerItemProxy section */
		A714E6952AC5CF7F006C139D /* PBXContainerItemProxy */ = {
			isa = PBXContainerItemProxy;
			containerPortal = A714E6672AC5CE85006C139D /* Project object */;
			proxyType = 1;
			remoteGlobalIDString = A714E6842AC5CF7D006C139D;
			remoteInfo = widgetExtension;
		};
/* End PBXContainerItemProxy section */

/* Begin PBXCopyFilesBuildPhase section */
		A714E69B2AC5CF7F006C139D /* Embed Foundation Extensions */ = {
			isa = PBXCopyFilesBuildPhase;
			buildActionMask = 2147483647;
			dstPath = "";
			dstSubfolderSpec = 13;
			files = (
				A714E6972AC5CF7F006C139D /* widgetExtension.appex in Embed Foundation Extensions */,
			);
			name = "Embed Foundation Extensions";
			runOnlyForDeploymentPostprocessing = 0;
		};
		A74393B52AC6CDBF000A5682 /* CopyFiles */ = {
			isa = PBXCopyFilesBuildPhase;
			buildActionMask = 2147483647;
			dstPath = Fonts;
			dstSubfolderSpec = 7;
			files = (
				A74393B72AC6CDD2000A5682 /* samsungsharpsans-medium.otf in CopyFiles */,
				A74393B62AC6CDD0000A5682 /* samsungsharpsans-bold.otf in CopyFiles */,
			);
			runOnlyForDeploymentPostprocessing = 0;
		};
/* End PBXCopyFilesBuildPhase section */

/* Begin PBXFileReference section */
		A714E66F2AC5CE86006C139D /* samsung-pinger.app */ = {isa = PBXFileReference; explicitFileType = wrapper.application; includeInIndex = 0; path = "samsung-pinger.app"; sourceTree = BUILT_PRODUCTS_DIR; };
		A714E6722AC5CE86006C139D /* samsung_pingerApp.swift */ = {isa = PBXFileReference; lastKnownFileType = sourcecode.swift; path = samsung_pingerApp.swift; sourceTree = "<group>"; };
		A714E6742AC5CE86006C139D /* ContentView.swift */ = {isa = PBXFileReference; lastKnownFileType = sourcecode.swift; path = ContentView.swift; sourceTree = "<group>"; };
		A714E6762AC5CE87006C139D /* Assets.xcassets */ = {isa = PBXFileReference; lastKnownFileType = folder.assetcatalog; path = Assets.xcassets; sourceTree = "<group>"; };
		A714E6792AC5CE87006C139D /* Preview Assets.xcassets */ = {isa = PBXFileReference; lastKnownFileType = folder.assetcatalog; path = "Preview Assets.xcassets"; sourceTree = "<group>"; };
		A714E67B2AC5CE87006C139D /* samsung_pinger.entitlements */ = {isa = PBXFileReference; lastKnownFileType = text.plist.entitlements; path = samsung_pinger.entitlements; sourceTree = "<group>"; };
		A714E6852AC5CF7D006C139D /* widgetExtension.appex */ = {isa = PBXFileReference; explicitFileType = "wrapper.app-extension"; includeInIndex = 0; path = widgetExtension.appex; sourceTree = BUILT_PRODUCTS_DIR; };
		A714E6872AC5CF7D006C139D /* WidgetKit.framework */ = {isa = PBXFileReference; lastKnownFileType = wrapper.framework; name = WidgetKit.framework; path = System/Library/Frameworks/WidgetKit.framework; sourceTree = SDKROOT; };
		A714E6892AC5CF7D006C139D /* SwiftUI.framework */ = {isa = PBXFileReference; lastKnownFileType = wrapper.framework; name = SwiftUI.framework; path = System/Library/Frameworks/SwiftUI.framework; sourceTree = SDKROOT; };
		A714E68C2AC5CF7D006C139D /* widget.swift */ = {isa = PBXFileReference; lastKnownFileType = sourcecode.swift; path = widget.swift; sourceTree = "<group>"; };
		A714E68E2AC5CF7D006C139D /* widget.intentdefinition */ = {isa = PBXFileReference; lastKnownFileType = file.intentdefinition; path = widget.intentdefinition; sourceTree = "<group>"; };
		A714E68F2AC5CF7F006C139D /* Assets.xcassets */ = {isa = PBXFileReference; lastKnownFileType = folder.assetcatalog; path = Assets.xcassets; sourceTree = "<group>"; };
		A714E6912AC5CF7F006C139D /* Info.plist */ = {isa = PBXFileReference; lastKnownFileType = text.plist.xml; path = Info.plist; sourceTree = "<group>"; };
		A714E6922AC5CF7F006C139D /* widget.entitlements */ = {isa = PBXFileReference; lastKnownFileType = text.plist.entitlements; path = widget.entitlements; sourceTree = "<group>"; };
		A74393A52AC6C174000A5682 /* RingingView.swift */ = {isa = PBXFileReference; lastKnownFileType = sourcecode.swift; path = RingingView.swift; sourceTree = "<group>"; };
		A74393AC2AC6C487000A5682 /* samsungsharpsans-bold.otf */ = {isa = PBXFileReference; lastKnownFileType = file; path = "samsungsharpsans-bold.otf"; sourceTree = "<group>"; };
		A74393B02AC6CAEF000A5682 /* Info.plist */ = {isa = PBXFileReference; lastKnownFileType = text.plist; path = Info.plist; sourceTree = "<group>"; };
		A74393B12AC6CBAD000A5682 /* samsungsharpsans-medium.otf */ = {isa = PBXFileReference; lastKnownFileType = file; path = "samsungsharpsans-medium.otf"; sourceTree = "<group>"; };
/* End PBXFileReference section */

/* Begin PBXFrameworksBuildPhase section */
		A714E66C2AC5CE85006C139D /* Frameworks */ = {
			isa = PBXFrameworksBuildPhase;
			buildActionMask = 2147483647;
			files = (
			);
			runOnlyForDeploymentPostprocessing = 0;
		};
		A714E6822AC5CF7D006C139D /* Frameworks */ = {
			isa = PBXFrameworksBuildPhase;
			buildActionMask = 2147483647;
			files = (
				A714E68A2AC5CF7D006C139D /* SwiftUI.framework in Frameworks */,
				A714E6882AC5CF7D006C139D /* WidgetKit.framework in Frameworks */,
			);
			runOnlyForDeploymentPostprocessing = 0;
		};
/* End PBXFrameworksBuildPhase section */

/* Begin PBXGroup section */
		A714E6662AC5CE85006C139D = {
			isa = PBXGroup;
			children = (
				A74393AA2AC6C43E000A5682 /* Shared */,
				A714E6712AC5CE86006C139D /* samsung-pinger */,
				A714E68B2AC5CF7D006C139D /* widget */,
				A714E6862AC5CF7D006C139D /* Frameworks */,
				A714E6702AC5CE86006C139D /* Products */,
			);
			sourceTree = "<group>";
		};
		A714E6702AC5CE86006C139D /* Products */ = {
			isa = PBXGroup;
			children = (
				A714E66F2AC5CE86006C139D /* samsung-pinger.app */,
				A714E6852AC5CF7D006C139D /* widgetExtension.appex */,
			);
			name = Products;
			sourceTree = "<group>";
		};
		A714E6712AC5CE86006C139D /* samsung-pinger */ = {
			isa = PBXGroup;
			children = (
				A74393B02AC6CAEF000A5682 /* Info.plist */,
				A714E6722AC5CE86006C139D /* samsung_pingerApp.swift */,
				A714E6742AC5CE86006C139D /* ContentView.swift */,
				A74393A52AC6C174000A5682 /* RingingView.swift */,
				A714E6762AC5CE87006C139D /* Assets.xcassets */,
				A714E67B2AC5CE87006C139D /* samsung_pinger.entitlements */,
				A714E6782AC5CE87006C139D /* Preview Content */,
			);
			path = "samsung-pinger";
			sourceTree = "<group>";
		};
		A714E6782AC5CE87006C139D /* Preview Content */ = {
			isa = PBXGroup;
			children = (
				A714E6792AC5CE87006C139D /* Preview Assets.xcassets */,
			);
			path = "Preview Content";
			sourceTree = "<group>";
		};
		A714E6862AC5CF7D006C139D /* Frameworks */ = {
			isa = PBXGroup;
			children = (
				A714E6872AC5CF7D006C139D /* WidgetKit.framework */,
				A714E6892AC5CF7D006C139D /* SwiftUI.framework */,
			);
			name = Frameworks;
			sourceTree = "<group>";
		};
		A714E68B2AC5CF7D006C139D /* widget */ = {
			isa = PBXGroup;
			children = (
				A714E68C2AC5CF7D006C139D /* widget.swift */,
				A714E68E2AC5CF7D006C139D /* widget.intentdefinition */,
				A714E68F2AC5CF7F006C139D /* Assets.xcassets */,
				A714E6912AC5CF7F006C139D /* Info.plist */,
				A714E6922AC5CF7F006C139D /* widget.entitlements */,
			);
			path = widget;
			sourceTree = "<group>";
		};
		A74393AA2AC6C43E000A5682 /* Shared */ = {
			isa = PBXGroup;
			children = (
				A74393AB2AC6C443000A5682 /* fonts */,
			);
			path = Shared;
			sourceTree = "<group>";
		};
		A74393AB2AC6C443000A5682 /* fonts */ = {
			isa = PBXGroup;
			children = (
				A74393AC2AC6C487000A5682 /* samsungsharpsans-bold.otf */,
				A74393B12AC6CBAD000A5682 /* samsungsharpsans-medium.otf */,
			);
			path = fonts;
			sourceTree = "<group>";
		};
/* End PBXGroup section */

/* Begin PBXNativeTarget section */
		A714E66E2AC5CE85006C139D /* samsung-pinger */ = {
			isa = PBXNativeTarget;
			buildConfigurationList = A714E67E2AC5CE87006C139D /* Build configuration list for PBXNativeTarget "samsung-pinger" */;
			buildPhases = (
				A714E66B2AC5CE85006C139D /* Sources */,
				A714E66C2AC5CE85006C139D /* Frameworks */,
				A714E66D2AC5CE85006C139D /* Resources */,
				A714E69B2AC5CF7F006C139D /* Embed Foundation Extensions */,
				A74393B52AC6CDBF000A5682 /* CopyFiles */,
			);
			buildRules = (
			);
			dependencies = (
				A714E6962AC5CF7F006C139D /* PBXTargetDependency */,
			);
			name = "samsung-pinger";
			productName = "samsung-pinger";
			productReference = A714E66F2AC5CE86006C139D /* samsung-pinger.app */;
			productType = "com.apple.product-type.application";
		};
		A714E6842AC5CF7D006C139D /* widgetExtension */ = {
			isa = PBXNativeTarget;
			buildConfigurationList = A714E6982AC5CF7F006C139D /* Build configuration list for PBXNativeTarget "widgetExtension" */;
			buildPhases = (
				A714E6812AC5CF7D006C139D /* Sources */,
				A714E6822AC5CF7D006C139D /* Frameworks */,
				A714E6832AC5CF7D006C139D /* Resources */,
			);
			buildRules = (
			);
			dependencies = (
			);
			name = widgetExtension;
			productName = widgetExtension;
			productReference = A714E6852AC5CF7D006C139D /* widgetExtension.appex */;
			productType = "com.apple.product-type.app-extension";
		};
/* End PBXNativeTarget section */

/* Begin PBXProject section */
		A714E6672AC5CE85006C139D /* Project object */ = {
			isa = PBXProject;
			attributes = {
				BuildIndependentTargetsInParallel = 1;
				LastSwiftUpdateCheck = 1430;
				LastUpgradeCheck = 1430;
				TargetAttributes = {
					A714E66E2AC5CE85006C139D = {
						CreatedOnToolsVersion = 14.3;
					};
					A714E6842AC5CF7D006C139D = {
						CreatedOnToolsVersion = 14.3;
					};
				};
			};
			buildConfigurationList = A714E66A2AC5CE85006C139D /* Build configuration list for PBXProject "samsung-pinger" */;
			compatibilityVersion = "Xcode 14.0";
			developmentRegion = en;
			hasScannedForEncodings = 0;
			knownRegions = (
				en,
				Base,
			);
			mainGroup = A714E6662AC5CE85006C139D;
			productRefGroup = A714E6702AC5CE86006C139D /* Products */;
			projectDirPath = "";
			projectRoot = "";
			targets = (
				A714E66E2AC5CE85006C139D /* samsung-pinger */,
				A714E6842AC5CF7D006C139D /* widgetExtension */,
			);
		};
/* End PBXProject section */

/* Begin PBXResourcesBuildPhase section */
		A714E66D2AC5CE85006C139D /* Resources */ = {
			isa = PBXResourcesBuildPhase;
			buildActionMask = 2147483647;
			files = (
				A714E67A2AC5CE87006C139D /* Preview Assets.xcassets in Resources */,
				A74393B22AC6CBAD000A5682 /* samsungsharpsans-medium.otf in Resources */,
				A714E6772AC5CE87006C139D /* Assets.xcassets in Resources */,
				A74393AD2AC6C487000A5682 /* samsungsharpsans-bold.otf in Resources */,
			);
			runOnlyForDeploymentPostprocessing = 0;
		};
		A714E6832AC5CF7D006C139D /* Resources */ = {
			isa = PBXResourcesBuildPhase;
			buildActionMask = 2147483647;
			files = (
				A714E6902AC5CF7F006C139D /* Assets.xcassets in Resources */,
				A74393AE2AC6C487000A5682 /* samsungsharpsans-bold.otf in Resources */,
				A74393B32AC6CBAD000A5682 /* samsungsharpsans-medium.otf in Resources */,
			);
			runOnlyForDeploymentPostprocessing = 0;
		};
/* End PBXResourcesBuildPhase section */

/* Begin PBXSourcesBuildPhase section */
		A714E66B2AC5CE85006C139D /* Sources */ = {
			isa = PBXSourcesBuildPhase;
			buildActionMask = 2147483647;
			files = (
				A714E6942AC5CF7F006C139D /* widget.intentdefinition in Sources */,
				A74393A62AC6C174000A5682 /* RingingView.swift in Sources */,
				A714E6752AC5CE86006C139D /* ContentView.swift in Sources */,
				A714E6732AC5CE86006C139D /* samsung_pingerApp.swift in Sources */,
			);
			runOnlyForDeploymentPostprocessing = 0;
		};
		A714E6812AC5CF7D006C139D /* Sources */ = {
			isa = PBXSourcesBuildPhase;
			buildActionMask = 2147483647;
			files = (
				A714E6932AC5CF7F006C139D /* widget.intentdefinition in Sources */,
				A714E68D2AC5CF7D006C139D /* widget.swift in Sources */,
			);
			runOnlyForDeploymentPostprocessing = 0;
		};
/* End PBXSourcesBuildPhase section */

/* Begin PBXTargetDependency section */
		A714E6962AC5CF7F006C139D /* PBXTargetDependency */ = {
			isa = PBXTargetDependency;
			target = A714E6842AC5CF7D006C139D /* widgetExtension */;
			targetProxy = A714E6952AC5CF7F006C139D /* PBXContainerItemProxy */;
		};
/* End PBXTargetDependency section */

/* Begin XCBuildConfiguration section */
		A714E67C2AC5CE87006C139D /* Debug */ = {
			isa = XCBuildConfiguration;
			buildSettings = {
				ALWAYS_SEARCH_USER_PATHS = NO;
				CLANG_ANALYZER_NONNULL = YES;
				CLANG_ANALYZER_NUMBER_OBJECT_CONVERSION = YES_AGGRESSIVE;
				CLANG_CXX_LANGUAGE_STANDARD = "gnu++20";
				CLANG_ENABLE_MODULES = YES;
				CLANG_ENABLE_OBJC_ARC = YES;
				CLANG_ENABLE_OBJC_WEAK = YES;
				CLANG_WARN_BLOCK_CAPTURE_AUTORELEASING = YES;
				CLANG_WARN_BOOL_CONVERSION = YES;
				CLANG_WARN_COMMA = YES;
				CLANG_WARN_CONSTANT_CONVERSION = YES;
				CLANG_WARN_DEPRECATED_OBJC_IMPLEMENTATIONS = YES;
				CLANG_WARN_DIRECT_OBJC_ISA_USAGE = YES_ERROR;
				CLANG_WARN_DOCUMENTATION_COMMENTS = YES;
				CLANG_WARN_EMPTY_BODY = YES;
				CLANG_WARN_ENUM_CONVERSION = YES;
				CLANG_WARN_INFINITE_RECURSION = YES;
				CLANG_WARN_INT_CONVERSION = YES;
				CLANG_WARN_NON_LITERAL_NULL_CONVERSION = YES;
				CLANG_WARN_OBJC_IMPLICIT_RETAIN_SELF = YES;
				CLANG_WARN_OBJC_LITERAL_CONVERSION = YES;
				CLANG_WARN_OBJC_ROOT_CLASS = YES_ERROR;
				CLANG_WARN_QUOTED_INCLUDE_IN_FRAMEWORK_HEADER = YES;
				CLANG_WARN_RANGE_LOOP_ANALYSIS = YES;
				CLANG_WARN_STRICT_PROTOTYPES = YES;
				CLANG_WARN_SUSPICIOUS_MOVE = YES;
				CLANG_WARN_UNGUARDED_AVAILABILITY = YES_AGGRESSIVE;
				CLANG_WARN_UNREACHABLE_CODE = YES;
				CLANG_WARN__DUPLICATE_METHOD_MATCH = YES;
				COPY_PHASE_STRIP = NO;
				DEBUG_INFORMATION_FORMAT = dwarf;
				ENABLE_STRICT_OBJC_MSGSEND = YES;
				ENABLE_TESTABILITY = YES;
				GCC_C_LANGUAGE_STANDARD = gnu11;
				GCC_DYNAMIC_NO_PIC = NO;
				GCC_NO_COMMON_BLOCKS = YES;
				GCC_OPTIMIZATION_LEVEL = 0;
				GCC_PREPROCESSOR_DEFINITIONS = (
					"DEBUG=1",
					"$(inherited)",
				);
				GCC_WARN_64_TO_32_BIT_CONVERSION = YES;
				GCC_WARN_ABOUT_RETURN_TYPE = YES_ERROR;
				GCC_WARN_UNDECLARED_SELECTOR = YES;
				GCC_WARN_UNINITIALIZED_AUTOS = YES_AGGRESSIVE;
				GCC_WARN_UNUSED_FUNCTION = YES;
				GCC_WARN_UNUSED_VARIABLE = YES;
				MACOSX_DEPLOYMENT_TARGET = 13.3;
				MTL_ENABLE_DEBUG_INFO = INCLUDE_SOURCE;
				MTL_FAST_MATH = YES;
				ONLY_ACTIVE_ARCH = YES;
				SDKROOT = macosx;
				SWIFT_ACTIVE_COMPILATION_CONDITIONS = DEBUG;
				SWIFT_OPTIMIZATION_LEVEL = "-Onone";
			};
			name = Debug;
		};
		A714E67D2AC5CE87006C139D /* Release */ = {
			isa = XCBuildConfiguration;
			buildSettings = {
				ALWAYS_SEARCH_USER_PATHS = NO;
				CLANG_ANALYZER_NONNULL = YES;
				CLANG_ANALYZER_NUMBER_OBJECT_CONVERSION = YES_AGGRESSIVE;
				CLANG_CXX_LANGUAGE_STANDARD = "gnu++20";
				CLANG_ENABLE_MODULES = YES;
				CLANG_ENABLE_OBJC_ARC = YES;
				CLANG_ENABLE_OBJC_WEAK = YES;
				CLANG_WARN_BLOCK_CAPTURE_AUTORELEASING = YES;
				CLANG_WARN_BOOL_CONVERSION = YES;
				CLANG_WARN_COMMA = YES;
				CLANG_WARN_CONSTANT_CONVERSION = YES;
				CLANG_WARN_DEPRECATED_OBJC_IMPLEMENTATIONS = YES;
				CLANG_WARN_DIRECT_OBJC_ISA_USAGE = YES_ERROR;
				CLANG_WARN_DOCUMENTATION_COMMENTS = YES;
				CLANG_WARN_EMPTY_BODY = YES;
				CLANG_WARN_ENUM_CONVERSION = YES;
				CLANG_WARN_INFINITE_RECURSION = YES;
				CLANG_WARN_INT_CONVERSION = YES;
				CLANG_WARN_NON_LITERAL_NULL_CONVERSION = YES;
				CLANG_WARN_OBJC_IMPLICIT_RETAIN_SELF = YES;
				CLANG_WARN_OBJC_LITERAL_CONVERSION = YES;
				CLANG_WARN_OBJC_ROOT_CLASS = YES_ERROR;
				CLANG_WARN_QUOTED_INCLUDE_IN_FRAMEWORK_HEADER = YES;
				CLANG_WARN_RANGE_LOOP_ANALYSIS = YES;
				CLANG_WARN_STRICT_PROTOTYPES = YES;
				CLANG_WARN_SUSPICIOUS_MOVE = YES;
				CLANG_WARN_UNGUARDED_AVAILABILITY = YES_AGGRESSIVE;
				CLANG_WARN_UNREACHABLE_CODE = YES;
				CLANG_WARN__DUPLICATE_METHOD_MATCH = YES;
				COPY_PHASE_STRIP = NO;
				DEBUG_INFORMATION_FORMAT = "dwarf-with-dsym";
				ENABLE_NS_ASSERTIONS = NO;
				ENABLE_STRICT_OBJC_MSGSEND = YES;
				GCC_C_LANGUAGE_STANDARD = gnu11;
				GCC_NO_COMMON_BLOCKS = YES;
				GCC_WARN_64_TO_32_BIT_CONVERSION = YES;
				GCC_WARN_ABOUT_RETURN_TYPE = YES_ERROR;
				GCC_WARN_UNDECLARED_SELECTOR = YES;
				GCC_WARN_UNINITIALIZED_AUTOS = YES_AGGRESSIVE;
				GCC_WARN_UNUSED_FUNCTION = YES;
				GCC_WARN_UNUSED_VARIABLE = YES;
				MACOSX_DEPLOYMENT_TARGET = 13.3;
				MTL_ENABLE_DEBUG_INFO = NO;
				MTL_FAST_MATH = YES;
				SDKROOT = macosx;
				SWIFT_COMPILATION_MODE = wholemodule;
				SWIFT_OPTIMIZATION_LEVEL = "-O";
			};
			name = Release;
		};
		A714E67F2AC5CE87006C139D /* Debug */ = {
			isa = XCBuildConfiguration;
			buildSettings = {
				ALWAYS_EMBED_SWIFT_STANDARD_LIBRARIES = YES;
				ASSETCATALOG_COMPILER_APPICON_NAME = AppIcon;
				ASSETCATALOG_COMPILER_GLOBAL_ACCENT_COLOR_NAME = AccentColor;
				CODE_SIGN_ENTITLEMENTS = "samsung-pinger/samsung_pinger.entitlements";
				CODE_SIGN_STYLE = Automatic;
				COMBINE_HIDPI_IMAGES = YES;
				CURRENT_PROJECT_VERSION = 1;
				DEVELOPMENT_ASSET_PATHS = "\"samsung-pinger/Preview Content\"";
				ENABLE_PREVIEWS = YES;
				GENERATE_INFOPLIST_FILE = YES;
				INFOPLIST_FILE = "samsung-pinger/Info.plist";
				INFOPLIST_KEY_CFBundleDisplayName = "Samsung Pinger";
				INFOPLIST_KEY_LSApplicationCategoryType = "public.app-category.utilities";
				INFOPLIST_KEY_NSHumanReadableCopyright = "";
				LD_RUNPATH_SEARCH_PATHS = (
					"$(inherited)",
					"@executable_path/../Frameworks",
				);
				MARKETING_VERSION = 1.0;
				PRODUCT_BUNDLE_IDENTIFIER = "dev.hloth.samsung-pinger";
				PRODUCT_NAME = "$(TARGET_NAME)";
				SWIFT_EMIT_LOC_STRINGS = YES;
				SWIFT_VERSION = 5.0;
			};
			name = Debug;
		};
		A714E6802AC5CE87006C139D /* Release */ = {
			isa = XCBuildConfiguration;
			buildSettings = {
				ALWAYS_EMBED_SWIFT_STANDARD_LIBRARIES = YES;
				ASSETCATALOG_COMPILER_APPICON_NAME = AppIcon;
				ASSETCATALOG_COMPILER_GLOBAL_ACCENT_COLOR_NAME = AccentColor;
				CODE_SIGN_ENTITLEMENTS = "samsung-pinger/samsung_pinger.entitlements";
				CODE_SIGN_STYLE = Automatic;
				COMBINE_HIDPI_IMAGES = YES;
				CURRENT_PROJECT_VERSION = 1;
				DEVELOPMENT_ASSET_PATHS = "\"samsung-pinger/Preview Content\"";
				ENABLE_PREVIEWS = YES;
				GENERATE_INFOPLIST_FILE = YES;
				INFOPLIST_FILE = "samsung-pinger/Info.plist";
				INFOPLIST_KEY_CFBundleDisplayName = "Samsung Pinger";
				INFOPLIST_KEY_LSApplicationCategoryType = "public.app-category.utilities";
				INFOPLIST_KEY_NSHumanReadableCopyright = "";
				LD_RUNPATH_SEARCH_PATHS = (
					"$(inherited)",
					"@executable_path/../Frameworks",
				);
				MARKETING_VERSION = 1.0;
				PRODUCT_BUNDLE_IDENTIFIER = "dev.hloth.samsung-pinger";
				PRODUCT_NAME = "$(TARGET_NAME)";
				SWIFT_EMIT_LOC_STRINGS = YES;
				SWIFT_VERSION = 5.0;
			};
			name = Release;
		};
		A714E6992AC5CF7F006C139D /* Debug */ = {
			isa = XCBuildConfiguration;
			buildSettings = {
				ASSETCATALOG_COMPILER_GLOBAL_ACCENT_COLOR_NAME = AccentColor;
				ASSETCATALOG_COMPILER_WIDGET_BACKGROUND_COLOR_NAME = WidgetBackground;
				CODE_SIGN_ENTITLEMENTS = widget/widget.entitlements;
				CODE_SIGN_STYLE = Automatic;
				CURRENT_PROJECT_VERSION = 1;
				GENERATE_INFOPLIST_FILE = YES;
				INFOPLIST_FILE = widget/Info.plist;
				INFOPLIST_KEY_CFBundleDisplayName = widget;
				INFOPLIST_KEY_NSHumanReadableCopyright = "";
				LD_RUNPATH_SEARCH_PATHS = (
					"$(inherited)",
					"@executable_path/../Frameworks",
					"@executable_path/../../../../Frameworks",
				);
				MACOSX_DEPLOYMENT_TARGET = 11.0;
				MARKETING_VERSION = 1.0;
				PRODUCT_BUNDLE_IDENTIFIER = "dev.hloth.samsung-pinger.widget";
				PRODUCT_NAME = "$(TARGET_NAME)";
				SKIP_INSTALL = YES;
				SWIFT_EMIT_LOC_STRINGS = YES;
				SWIFT_VERSION = 5.0;
			};
			name = Debug;
		};
		A714E69A2AC5CF7F006C139D /* Release */ = {
			isa = XCBuildConfiguration;
			buildSettings = {
				ASSETCATALOG_COMPILER_GLOBAL_ACCENT_COLOR_NAME = AccentColor;
				ASSETCATALOG_COMPILER_WIDGET_BACKGROUND_COLOR_NAME = WidgetBackground;
				CODE_SIGN_ENTITLEMENTS = widget/widget.entitlements;
				CODE_SIGN_STYLE = Automatic;
				CURRENT_PROJECT_VERSION = 1;
				GENERATE_INFOPLIST_FILE = YES;
				INFOPLIST_FILE = widget/Info.plist;
				INFOPLIST_KEY_CFBundleDisplayName = widget;
				INFOPLIST_KEY_NSHumanReadableCopyright = "";
				LD_RUNPATH_SEARCH_PATHS = (
					"$(inherited)",
					"@executable_path/../Frameworks",
					"@executable_path/../../../../Frameworks",
				);
				MACOSX_DEPLOYMENT_TARGET = 11.0;
				MARKETING_VERSION = 1.0;
				PRODUCT_BUNDLE_IDENTIFIER = "dev.hloth.samsung-pinger.widget";
				PRODUCT_NAME = "$(TARGET_NAME)";
				SKIP_INSTALL = YES;
				SWIFT_EMIT_LOC_STRINGS = YES;
				SWIFT_VERSION = 5.0;
			};
			name = Release;
		};
/* End XCBuildConfiguration section */

/* Begin XCConfigurationList section */
		A714E66A2AC5CE85006C139D /* Build configuration list for PBXProject "samsung-pinger" */ = {
			isa = XCConfigurationList;
			buildConfigurations = (
				A714E67C2AC5CE87006C139D /* Debug */,
				A714E67D2AC5CE87006C139D /* Release */,
			);
			defaultConfigurationIsVisible = 0;
			defaultConfigurationName = Release;
		};
		A714E67E2AC5CE87006C139D /* Build configuration list for PBXNativeTarget "samsung-pinger" */ = {
			isa = XCConfigurationList;
			buildConfigurations = (
				A714E67F2AC5CE87006C139D /* Debug */,
				A714E6802AC5CE87006C139D /* Release */,
			);
			defaultConfigurationIsVisible = 0;
			defaultConfigurationName = Release;
		};
		A714E6982AC5CF7F006C139D /* Build configuration list for PBXNativeTarget "widgetExtension" */ = {
			isa = XCConfigurationList;
			buildConfigurations = (
				A714E6992AC5CF7F006C139D /* Debug */,
				A714E69A2AC5CF7F006C139D /* Release */,
			);
			defaultConfigurationIsVisible = 0;
			defaultConfigurationName = Release;
		};
/* End XCConfigurationList section */
	};
	rootObject = A714E6672AC5CE85006C139D /* Project object */;
}
